lockfileVersion: '9.0'

settings:
  autoInstallPeers: true
  excludeLinksFromLockfile: false

importers:

  .:
    dependencies:
      firebase:
        specifier: ^11.0.0
        version: 11.x.x
      react:
        specifier: ^19.0.0
        version: 19.2.4
      react-dom:
        specifier: ^19.0.0
        version: 19.2.4(react@19.2.4)

    devDependencies:
      '@tailwindcss/vite':
        specifier: ^4.0.0
        version: 4.2.2(tailwindcss@4.2.2)
      '@types/node':
        specifier: ^22.0.0
        version: 22.x.x
      '@types/react':
        specifier: ^19.0.0
        version: 19.x.x
      '@types/react-dom':
        specifier: ^19.0.0
        version: 19.x.x
      '@vitejs/plugin-react':
        specifier: ^6.0.0
        version: 6.x.x
      oxfmt:
        specifier: ^0.2.0
        version: 0.2.x
      tailwindcss:
        specifier: ^4.0.0
        version: 4.2.2
      typescript:
        specifier: ^5.7.0
        version: 5.9.3
      vite:
        specifier: ^8.0.5
        version: 8.0.5
